{
  "name": "wedding-invitation-platform",
  "version": "1.0.0",
  "lockfileVersion": 3,
  "requires": true,
  "packages": {
    "": {
      "name": "wedding-invitation-platform",
      "version": "1.0.0",
      "dependencies": {
        "@vitejs/plugin-react": "latest",
        "lucide-react": "latest",
        "react": "latest",
        "react-dom": "latest",
        "vite": "latest"
      }
    }
  }
}
